
Microsoft Visual Studio Solution File, Format Version 12.00
# Visual Studio Version 17
VisualStudioVersion = 17.11.35312.102
MinimumVisualStudioVersion = 10.0.40219.1
Project("{FAE04EC0-301F-11D3-BF4B-00C04F79EFBC}") = "C#1", "C#1\C#1.csproj", "{69E2C3AA-60E1-450F-AFB7-FA7A7F42A02C}"
EndProject
Global
	GlobalSection(SolutionConfigurationPlatforms) = preSolution
		Debug|Any CPU = Debug|Any CPU
		Release|Any CPU = Release|Any CPU
	EndGlobalSection
	GlobalSection(ProjectConfigurationPlatforms) = postSolution
		{69E2C3AA-60E1-450F-AFB7-FA7A7F42A02C}.Debug|Any CPU.ActiveCfg = Debug|Any CPU
		{69E2C3AA-60E1-450F-AFB7-FA7A7F42A02C}.Debug|Any CPU.Build.0 = Debug|Any CPU
		{69E2C3AA-60E1-450F-AFB7-FA7A7F42A02C}.Release|Any CPU.ActiveCfg = Release|Any CPU
		{69E2C3AA-60E1-450F-AFB7-FA7A7F42A02C}.Release|Any CPU.Build.0 = Release|Any CPU
	EndGlobalSection
	GlobalSection(SolutionProperties) = preSolution
		HideSolutionNode = FALSE
	EndGlobalSection
	GlobalSection(ExtensibilityGlobals) = postSolution
		SolutionGuid = {C790B7F0-93BE-4B1C-8775-50C8C9941953}
	EndGlobalSection
EndGlobal
